
Microsoft Visual Studio Solution File, Format Version 12.00
# Visual Studio Version 17
VisualStudioVersion = 17.13.35825.156
MinimumVisualStudioVersion = 10.0.40219.1
Project("{FAE04EC0-301F-11D3-BF4B-00C04F79EFBC}") = "Identity.API", "Identity.API\Identity.API.csproj", "{099B16E2-B029-770B-F661-D2EC1AF56156}"
EndProject
Project("{FAE04EC0-301F-11D3-BF4B-00C04F79EFBC}") = "Identity.Application", "Identity.Application\Identity.Application.csproj", "{DB1A7F4F-3B23-5EEC-FCBC-43B61EF7AC22}"
EndProject
Project("{FAE04EC0-301F-11D3-BF4B-00C04F79EFBC}") = "Identity.Domain", "Identity.Domain\Identity.Domain.csproj", "{16209C4D-64DF-8471-F0DE-A94A60BA4A8C}"
EndProject
Project("{FAE04EC0-301F-11D3-BF4B-00C04F79EFBC}") = "Identity.Infrastructure", "Identity.Infrastructure\Identity.Infrastructure.csproj", "{7D341D31-270D-53DE-0865-47E2D9238E7D}"
EndProject
Global
	GlobalSection(SolutionConfigurationPlatforms) = preSolution
		Debug|Any CPU = Debug|Any CPU
		Release|Any CPU = Release|Any CPU
	EndGlobalSection
	GlobalSection(ProjectConfigurationPlatforms) = postSolution
		{099B16E2-B029-770B-F661-D2EC1AF56156}.Debug|Any CPU.ActiveCfg = Debug|Any CPU
		{099B16E2-B029-770B-F661-D2EC1AF56156}.Debug|Any CPU.Build.0 = Debug|Any CPU
		{099B16E2-B029-770B-F661-D2EC1AF56156}.Release|Any CPU.ActiveCfg = Release|Any CPU
		{099B16E2-B029-770B-F661-D2EC1AF56156}.Release|Any CPU.Build.0 = Release|Any CPU
		{DB1A7F4F-3B23-5EEC-FCBC-43B61EF7AC22}.Debug|Any CPU.ActiveCfg = Debug|Any CPU
		{DB1A7F4F-3B23-5EEC-FCBC-43B61EF7AC22}.Debug|Any CPU.Build.0 = Debug|Any CPU
		{DB1A7F4F-3B23-5EEC-FCBC-43B61EF7AC22}.Release|Any CPU.ActiveCfg = Release|Any CPU
		{DB1A7F4F-3B23-5EEC-FCBC-43B61EF7AC22}.Release|Any CPU.Build.0 = Release|Any CPU
		{16209C4D-64DF-8471-F0DE-A94A60BA4A8C}.Debug|Any CPU.ActiveCfg = Debug|Any CPU
		{16209C4D-64DF-8471-F0DE-A94A60BA4A8C}.Debug|Any CPU.Build.0 = Debug|Any CPU
		{16209C4D-64DF-8471-F0DE-A94A60BA4A8C}.Release|Any CPU.ActiveCfg = Release|Any CPU
		{16209C4D-64DF-8471-F0DE-A94A60BA4A8C}.Release|Any CPU.Build.0 = Release|Any CPU
		{7D341D31-270D-53DE-0865-47E2D9238E7D}.Debug|Any CPU.ActiveCfg = Debug|Any CPU
		{7D341D31-270D-53DE-0865-47E2D9238E7D}.Debug|Any CPU.Build.0 = Debug|Any CPU
		{7D341D31-270D-53DE-0865-47E2D9238E7D}.Release|Any CPU.ActiveCfg = Release|Any CPU
		{7D341D31-270D-53DE-0865-47E2D9238E7D}.Release|Any CPU.Build.0 = Release|Any CPU
	EndGlobalSection
	GlobalSection(SolutionProperties) = preSolution
		HideSolutionNode = FALSE
	EndGlobalSection
	GlobalSection(ExtensibilityGlobals) = postSolution
		SolutionGuid = {2416ECBB-DBB2-4C37-861D-244D16F9E6D7}
	EndGlobalSection
EndGlobal
