
Microsoft Visual Studio Solution File, Format Version 12.00
# Visual Studio Version 17
VisualStudioVersion = 17.13.35825.156
MinimumVisualStudioVersion = 10.0.40219.1
Project("{FAE04EC0-301F-11D3-BF4B-00C04F79EFBC}") = "MoutainToursGateway.API", "MoutainToursGateway.API\MoutainToursGateway.API.csproj", "{B8C7272B-594C-4645-AAF2-8335DF2623E5}"
EndProject
Global
	GlobalSection(SolutionConfigurationPlatforms) = preSolution
		Debug|Any CPU = Debug|Any CPU
		Release|Any CPU = Release|Any CPU
	EndGlobalSection
	GlobalSection(ProjectConfigurationPlatforms) = postSolution
		{B8C7272B-594C-4645-AAF2-8335DF2623E5}.Debug|Any CPU.ActiveCfg = Debug|Any CPU
		{B8C7272B-594C-4645-AAF2-8335DF2623E5}.Debug|Any CPU.Build.0 = Debug|Any CPU
		{B8C7272B-594C-4645-AAF2-8335DF2623E5}.Release|Any CPU.ActiveCfg = Release|Any CPU
		{B8C7272B-594C-4645-AAF2-8335DF2623E5}.Release|Any CPU.Build.0 = Release|Any CPU
	EndGlobalSection
	GlobalSection(SolutionProperties) = preSolution
		HideSolutionNode = FALSE
	EndGlobalSection
	GlobalSection(ExtensibilityGlobals) = postSolution
		SolutionGuid = {0BF6A3EA-1AAA-4D8C-94EB-79ABBAFBAF06}
	EndGlobalSection
EndGlobal
