
Microsoft Visual Studio Solution File, Format Version 12.00
# Visual Studio Version 17
VisualStudioVersion = 17.13.35818.85
MinimumVisualStudioVersion = 10.0.40219.1
Project("{FAE04EC0-301F-11D3-BF4B-00C04F79EFBC}") = "Reviewing.domain", "Review.Domain\Reviewing.domain.csproj", "{3538C0F9-5B4E-78D1-DA31-930FC95566DE}"
EndProject
Project("{FAE04EC0-301F-11D3-BF4B-00C04F79EFBC}") = "Reviewing.Application", "Review.Application\Reviewing.Application.csproj", "{4BD0A252-AB52-77C7-CD3B-4DB22ED73AE2}"
EndProject
Project("{FAE04EC0-301F-11D3-BF4B-00C04F79EFBC}") = "Reviewing.Domain.Tests", "Review.Domain.Tests\Reviewing.Domain.Tests.csproj", "{B0765BEC-C196-447A-8CE1-E8135718E55F}"
EndProject
Project("{FAE04EC0-301F-11D3-BF4B-00C04F79EFBC}") = "Reviewing.Application.Tests", "Reviewing.Application.Tests\Reviewing.Application.Tests.csproj", "{13534313-7638-4EBC-A30E-F2C4B34E2365}"
EndProject
Global
	GlobalSection(SolutionConfigurationPlatforms) = preSolution
		Debug|Any CPU = Debug|Any CPU
		Release|Any CPU = Release|Any CPU
	EndGlobalSection
	GlobalSection(ProjectConfigurationPlatforms) = postSolution
		{3538C0F9-5B4E-78D1-DA31-930FC95566DE}.Debug|Any CPU.ActiveCfg = Debug|Any CPU
		{3538C0F9-5B4E-78D1-DA31-930FC95566DE}.Debug|Any CPU.Build.0 = Debug|Any CPU
		{3538C0F9-5B4E-78D1-DA31-930FC95566DE}.Release|Any CPU.ActiveCfg = Release|Any CPU
		{3538C0F9-5B4E-78D1-DA31-930FC95566DE}.Release|Any CPU.Build.0 = Release|Any CPU
		{4BD0A252-AB52-77C7-CD3B-4DB22ED73AE2}.Debug|Any CPU.ActiveCfg = Debug|Any CPU
		{4BD0A252-AB52-77C7-CD3B-4DB22ED73AE2}.Debug|Any CPU.Build.0 = Debug|Any CPU
		{4BD0A252-AB52-77C7-CD3B-4DB22ED73AE2}.Release|Any CPU.ActiveCfg = Release|Any CPU
		{4BD0A252-AB52-77C7-CD3B-4DB22ED73AE2}.Release|Any CPU.Build.0 = Release|Any CPU
		{B0765BEC-C196-447A-8CE1-E8135718E55F}.Debug|Any CPU.ActiveCfg = Debug|Any CPU
		{B0765BEC-C196-447A-8CE1-E8135718E55F}.Debug|Any CPU.Build.0 = Debug|Any CPU
		{B0765BEC-C196-447A-8CE1-E8135718E55F}.Release|Any CPU.ActiveCfg = Release|Any CPU
		{B0765BEC-C196-447A-8CE1-E8135718E55F}.Release|Any CPU.Build.0 = Release|Any CPU
		{13534313-7638-4EBC-A30E-F2C4B34E2365}.Debug|Any CPU.ActiveCfg = Debug|Any CPU
		{13534313-7638-4EBC-A30E-F2C4B34E2365}.Debug|Any CPU.Build.0 = Debug|Any CPU
		{13534313-7638-4EBC-A30E-F2C4B34E2365}.Release|Any CPU.ActiveCfg = Release|Any CPU
		{13534313-7638-4EBC-A30E-F2C4B34E2365}.Release|Any CPU.Build.0 = Release|Any CPU
	EndGlobalSection
	GlobalSection(SolutionProperties) = preSolution
		HideSolutionNode = FALSE
	EndGlobalSection
	GlobalSection(ExtensibilityGlobals) = postSolution
		SolutionGuid = {EFB169F0-DBAC-4E67-A146-DAFC47737179}
	EndGlobalSection
EndGlobal
