
Microsoft Visual Studio Solution File, Format Version 12.00
# Visual Studio Version 17
VisualStudioVersion = 17.0.31903.59
MinimumVisualStudioVersion = 10.0.40219.1
Project("{FAE04EC0-301F-11D3-BF4B-00C04F79EFBC}") = "Reviewing.Domain", "Reviewing.Domain\Reviewing.Domain.csproj", "{628EDF4F-E66B-4AC6-9A58-36842F51F9ED}"
EndProject
Project("{FAE04EC0-301F-11D3-BF4B-00C04F79EFBC}") = "Reviewing.Application", "Reviewing.Application\Reviewing.Application.csproj", "{0471922B-F63A-4EFF-8A83-6FEAD28BDBC3}"
EndProject
Project("{FAE04EC0-301F-11D3-BF4B-00C04F79EFBC}") = "Reviewing.Infrastructure", "Reviewing.Infrastructure\Reviewing.Infrastructure.csproj", "{3937AFBB-9EEF-473D-A999-A3C2821D34EC}"
EndProject
Project("{FAE04EC0-301F-11D3-BF4B-00C04F79EFBC}") = "Reviewing.API", "Reviewing.Api\Reviewing.API.csproj", "{5218A9C7-0F21-4595-9865-B53CD88041F8}"
EndProject
Global
	GlobalSection(SolutionConfigurationPlatforms) = preSolution
		Debug|Any CPU = Debug|Any CPU
		Release|Any CPU = Release|Any CPU
	EndGlobalSection
	GlobalSection(SolutionProperties) = preSolution
		HideSolutionNode = FALSE
	EndGlobalSection
	GlobalSection(ProjectConfigurationPlatforms) = postSolution
		{628EDF4F-E66B-4AC6-9A58-36842F51F9ED}.Debug|Any CPU.ActiveCfg = Debug|Any CPU
		{628EDF4F-E66B-4AC6-9A58-36842F51F9ED}.Debug|Any CPU.Build.0 = Debug|Any CPU
		{628EDF4F-E66B-4AC6-9A58-36842F51F9ED}.Release|Any CPU.ActiveCfg = Release|Any CPU
		{628EDF4F-E66B-4AC6-9A58-36842F51F9ED}.Release|Any CPU.Build.0 = Release|Any CPU
		{0471922B-F63A-4EFF-8A83-6FEAD28BDBC3}.Debug|Any CPU.ActiveCfg = Debug|Any CPU
		{0471922B-F63A-4EFF-8A83-6FEAD28BDBC3}.Debug|Any CPU.Build.0 = Debug|Any CPU
		{0471922B-F63A-4EFF-8A83-6FEAD28BDBC3}.Release|Any CPU.ActiveCfg = Release|Any CPU
		{0471922B-F63A-4EFF-8A83-6FEAD28BDBC3}.Release|Any CPU.Build.0 = Release|Any CPU
		{3937AFBB-9EEF-473D-A999-A3C2821D34EC}.Debug|Any CPU.ActiveCfg = Debug|Any CPU
		{3937AFBB-9EEF-473D-A999-A3C2821D34EC}.Debug|Any CPU.Build.0 = Debug|Any CPU
		{3937AFBB-9EEF-473D-A999-A3C2821D34EC}.Release|Any CPU.ActiveCfg = Release|Any CPU
		{3937AFBB-9EEF-473D-A999-A3C2821D34EC}.Release|Any CPU.Build.0 = Release|Any CPU
		{5218A9C7-0F21-4595-9865-B53CD88041F8}.Debug|Any CPU.ActiveCfg = Debug|Any CPU
		{5218A9C7-0F21-4595-9865-B53CD88041F8}.Debug|Any CPU.Build.0 = Debug|Any CPU
		{5218A9C7-0F21-4595-9865-B53CD88041F8}.Release|Any CPU.ActiveCfg = Release|Any CPU
		{5218A9C7-0F21-4595-9865-B53CD88041F8}.Release|Any CPU.Build.0 = Release|Any CPU
	EndGlobalSection
EndGlobal
