
Microsoft Visual Studio Solution File, Format Version 12.00
# Visual Studio Version 17
VisualStudioVersion = 17.0.31903.59
MinimumVisualStudioVersion = 10.0.40219.1
Project("{2150E333-8FDC-42A3-9474-1A3956D46DE8}") = "src", "src", "{827E0CD3-B72D-47B6-A68D-7590B98EB39B}"
EndProject
Project("{FAE04EC0-301F-11D3-BF4B-00C04F79EFBC}") = "Notifications.API", "src\Notifications.API\Notifications.API.csproj", "{839EE378-64B0-498B-B197-E8774362E522}"
EndProject
Project("{FAE04EC0-301F-11D3-BF4B-00C04F79EFBC}") = "Notifications.Application", "src\Notifications.Application\Notifications.Application.csproj", "{0AB5FCC6-40AB-473F-A078-F9DDF25521BE}"
EndProject
Project("{FAE04EC0-301F-11D3-BF4B-00C04F79EFBC}") = "Notifications.Domain", "src\Notifications.Domain\Notifications.Domain.csproj", "{591BE2B0-1047-476E-BC72-7D79DD69F41F}"
EndProject
Project("{FAE04EC0-301F-11D3-BF4B-00C04F79EFBC}") = "Notifications.Infrastructure", "src\Notifications.Infrastructure\Notifications.Infrastructure.csproj", "{654B8B66-5D31-42C9-9190-6822B17A3E17}"
EndProject
Project("{2150E333-8FDC-42A3-9474-1A3956D46DE8}") = "tests", "tests", "{0AB3BF05-4346-4AA6-1389-037BE0695223}"
EndProject
Project("{FAE04EC0-301F-11D3-BF4B-00C04F79EFBC}") = "Notifications.IntegrationTests", "tests\Notifications.IntegrationTests\Notifications.IntegrationTests.csproj", "{86F278C2-D8AD-4F4D-B7B4-D6B709847234}"
EndProject
Project("{FAE04EC0-301F-11D3-BF4B-00C04F79EFBC}") = "Notifications.ArchitectureTests", "tests\Notifications.ArchitectureTests\Notifications.ArchitectureTests.csproj", "{CA57EAC2-4D94-485B-861D-C2377C52891E}"
EndProject
Global
	GlobalSection(SolutionConfigurationPlatforms) = preSolution
		Debug|Any CPU = Debug|Any CPU
		Debug|x64 = Debug|x64
		Debug|x86 = Debug|x86
		Release|Any CPU = Release|Any CPU
		Release|x64 = Release|x64
		Release|x86 = Release|x86
	EndGlobalSection
	GlobalSection(ProjectConfigurationPlatforms) = postSolution
		{839EE378-64B0-498B-B197-E8774362E522}.Debug|Any CPU.ActiveCfg = Debug|Any CPU
		{839EE378-64B0-498B-B197-E8774362E522}.Debug|Any CPU.Build.0 = Debug|Any CPU
		{839EE378-64B0-498B-B197-E8774362E522}.Debug|x64.ActiveCfg = Debug|Any CPU
		{839EE378-64B0-498B-B197-E8774362E522}.Debug|x64.Build.0 = Debug|Any CPU
		{839EE378-64B0-498B-B197-E8774362E522}.Debug|x86.ActiveCfg = Debug|Any CPU
		{839EE378-64B0-498B-B197-E8774362E522}.Debug|x86.Build.0 = Debug|Any CPU
		{839EE378-64B0-498B-B197-E8774362E522}.Release|Any CPU.ActiveCfg = Release|Any CPU
		{839EE378-64B0-498B-B197-E8774362E522}.Release|Any CPU.Build.0 = Release|Any CPU
		{839EE378-64B0-498B-B197-E8774362E522}.Release|x64.ActiveCfg = Release|Any CPU
		{839EE378-64B0-498B-B197-E8774362E522}.Release|x64.Build.0 = Release|Any CPU
		{839EE378-64B0-498B-B197-E8774362E522}.Release|x86.ActiveCfg = Release|Any CPU
		{839EE378-64B0-498B-B197-E8774362E522}.Release|x86.Build.0 = Release|Any CPU
		{0AB5FCC6-40AB-473F-A078-F9DDF25521BE}.Debug|Any CPU.ActiveCfg = Debug|Any CPU
		{0AB5FCC6-40AB-473F-A078-F9DDF25521BE}.Debug|Any CPU.Build.0 = Debug|Any CPU
		{0AB5FCC6-40AB-473F-A078-F9DDF25521BE}.Debug|x64.ActiveCfg = Debug|Any CPU
		{0AB5FCC6-40AB-473F-A078-F9DDF25521BE}.Debug|x64.Build.0 = Debug|Any CPU
		{0AB5FCC6-40AB-473F-A078-F9DDF25521BE}.Debug|x86.ActiveCfg = Debug|Any CPU
		{0AB5FCC6-40AB-473F-A078-F9DDF25521BE}.Debug|x86.Build.0 = Debug|Any CPU
		{0AB5FCC6-40AB-473F-A078-F9DDF25521BE}.Release|Any CPU.ActiveCfg = Release|Any CPU
		{0AB5FCC6-40AB-473F-A078-F9DDF25521BE}.Release|Any CPU.Build.0 = Release|Any CPU
		{0AB5FCC6-40AB-473F-A078-F9DDF25521BE}.Release|x64.ActiveCfg = Release|Any CPU
		{0AB5FCC6-40AB-473F-A078-F9DDF25521BE}.Release|x64.Build.0 = Release|Any CPU
		{0AB5FCC6-40AB-473F-A078-F9DDF25521BE}.Release|x86.ActiveCfg = Release|Any CPU
		{0AB5FCC6-40AB-473F-A078-F9DDF25521BE}.Release|x86.Build.0 = Release|Any CPU
		{591BE2B0-1047-476E-BC72-7D79DD69F41F}.Debug|Any CPU.ActiveCfg = Debug|Any CPU
		{591BE2B0-1047-476E-BC72-7D79DD69F41F}.Debug|Any CPU.Build.0 = Debug|Any CPU
		{591BE2B0-1047-476E-BC72-7D79DD69F41F}.Debug|x64.ActiveCfg = Debug|Any CPU
		{591BE2B0-1047-476E-BC72-7D79DD69F41F}.Debug|x64.Build.0 = Debug|Any CPU
		{591BE2B0-1047-476E-BC72-7D79DD69F41F}.Debug|x86.ActiveCfg = Debug|Any CPU
		{591BE2B0-1047-476E-BC72-7D79DD69F41F}.Debug|x86.Build.0 = Debug|Any CPU
		{591BE2B0-1047-476E-BC72-7D79DD69F41F}.Release|Any CPU.ActiveCfg = Release|Any CPU
		{591BE2B0-1047-476E-BC72-7D79DD69F41F}.Release|Any CPU.Build.0 = Release|Any CPU
		{591BE2B0-1047-476E-BC72-7D79DD69F41F}.Release|x64.ActiveCfg = Release|Any CPU
		{591BE2B0-1047-476E-BC72-7D79DD69F41F}.Release|x64.Build.0 = Release|Any CPU
		{591BE2B0-1047-476E-BC72-7D79DD69F41F}.Release|x86.ActiveCfg = Release|Any CPU
		{591BE2B0-1047-476E-BC72-7D79DD69F41F}.Release|x86.Build.0 = Release|Any CPU
		{654B8B66-5D31-42C9-9190-6822B17A3E17}.Debug|Any CPU.ActiveCfg = Debug|Any CPU
		{654B8B66-5D31-42C9-9190-6822B17A3E17}.Debug|Any CPU.Build.0 = Debug|Any CPU
		{654B8B66-5D31-42C9-9190-6822B17A3E17}.Debug|x64.ActiveCfg = Debug|Any CPU
		{654B8B66-5D31-42C9-9190-6822B17A3E17}.Debug|x64.Build.0 = Debug|Any CPU
		{654B8B66-5D31-42C9-9190-6822B17A3E17}.Debug|x86.ActiveCfg = Debug|Any CPU
		{654B8B66-5D31-42C9-9190-6822B17A3E17}.Debug|x86.Build.0 = Debug|Any CPU
		{654B8B66-5D31-42C9-9190-6822B17A3E17}.Release|Any CPU.ActiveCfg = Release|Any CPU
		{654B8B66-5D31-42C9-9190-6822B17A3E17}.Release|Any CPU.Build.0 = Release|Any CPU
		{654B8B66-5D31-42C9-9190-6822B17A3E17}.Release|x64.ActiveCfg = Release|Any CPU
		{654B8B66-5D31-42C9-9190-6822B17A3E17}.Release|x64.Build.0 = Release|Any CPU
		{654B8B66-5D31-42C9-9190-6822B17A3E17}.Release|x86.ActiveCfg = Release|Any CPU
		{654B8B66-5D31-42C9-9190-6822B17A3E17}.Release|x86.Build.0 = Release|Any CPU
		{86F278C2-D8AD-4F4D-B7B4-D6B709847234}.Debug|Any CPU.ActiveCfg = Debug|Any CPU
		{86F278C2-D8AD-4F4D-B7B4-D6B709847234}.Debug|Any CPU.Build.0 = Debug|Any CPU
		{86F278C2-D8AD-4F4D-B7B4-D6B709847234}.Debug|x64.ActiveCfg = Debug|Any CPU
		{86F278C2-D8AD-4F4D-B7B4-D6B709847234}.Debug|x64.Build.0 = Debug|Any CPU
		{86F278C2-D8AD-4F4D-B7B4-D6B709847234}.Debug|x86.ActiveCfg = Debug|Any CPU
		{86F278C2-D8AD-4F4D-B7B4-D6B709847234}.Debug|x86.Build.0 = Debug|Any CPU
		{86F278C2-D8AD-4F4D-B7B4-D6B709847234}.Release|Any CPU.ActiveCfg = Release|Any CPU
		{86F278C2-D8AD-4F4D-B7B4-D6B709847234}.Release|Any CPU.Build.0 = Release|Any CPU
		{86F278C2-D8AD-4F4D-B7B4-D6B709847234}.Release|x64.ActiveCfg = Release|Any CPU
		{86F278C2-D8AD-4F4D-B7B4-D6B709847234}.Release|x64.Build.0 = Release|Any CPU
		{86F278C2-D8AD-4F4D-B7B4-D6B709847234}.Release|x86.ActiveCfg = Release|Any CPU
		{86F278C2-D8AD-4F4D-B7B4-D6B709847234}.Release|x86.Build.0 = Release|Any CPU
		{CA57EAC2-4D94-485B-861D-C2377C52891E}.Debug|Any CPU.ActiveCfg = Debug|Any CPU
		{CA57EAC2-4D94-485B-861D-C2377C52891E}.Debug|Any CPU.Build.0 = Debug|Any CPU
		{CA57EAC2-4D94-485B-861D-C2377C52891E}.Debug|x64.ActiveCfg = Debug|Any CPU
		{CA57EAC2-4D94-485B-861D-C2377C52891E}.Debug|x64.Build.0 = Debug|Any CPU
		{CA57EAC2-4D94-485B-861D-C2377C52891E}.Debug|x86.ActiveCfg = Debug|Any CPU
		{CA57EAC2-4D94-485B-861D-C2377C52891E}.Debug|x86.Build.0 = Debug|Any CPU
		{CA57EAC2-4D94-485B-861D-C2377C52891E}.Release|Any CPU.ActiveCfg = Release|Any CPU
		{CA57EAC2-4D94-485B-861D-C2377C52891E}.Release|Any CPU.Build.0 = Release|Any CPU
		{CA57EAC2-4D94-485B-861D-C2377C52891E}.Release|x64.ActiveCfg = Release|Any CPU
		{CA57EAC2-4D94-485B-861D-C2377C52891E}.Release|x64.Build.0 = Release|Any CPU
		{CA57EAC2-4D94-485B-861D-C2377C52891E}.Release|x86.ActiveCfg = Release|Any CPU
		{CA57EAC2-4D94-485B-861D-C2377C52891E}.Release|x86.Build.0 = Release|Any CPU
	EndGlobalSection
	GlobalSection(SolutionProperties) = preSolution
		HideSolutionNode = FALSE
	EndGlobalSection
	GlobalSection(NestedProjects) = preSolution
		{839EE378-64B0-498B-B197-E8774362E522} = {827E0CD3-B72D-47B6-A68D-7590B98EB39B}
		{0AB5FCC6-40AB-473F-A078-F9DDF25521BE} = {827E0CD3-B72D-47B6-A68D-7590B98EB39B}
		{591BE2B0-1047-476E-BC72-7D79DD69F41F} = {827E0CD3-B72D-47B6-A68D-7590B98EB39B}
		{654B8B66-5D31-42C9-9190-6822B17A3E17} = {827E0CD3-B72D-47B6-A68D-7590B98EB39B}
		{86F278C2-D8AD-4F4D-B7B4-D6B709847234} = {0AB3BF05-4346-4AA6-1389-037BE0695223}
		{CA57EAC2-4D94-485B-861D-C2377C52891E} = {0AB3BF05-4346-4AA6-1389-037BE0695223}
	EndGlobalSection
EndGlobal
